// !$*UTF8*$!
{
	archiveVersion = 1;
	classes = {
	};
	objectVersion = 46;
	objects = {

/* Begin PBXBuildFile section */
		680C6CCF1E149DA7005EBC4C /* AppDelegate.swift in Sources */ = {isa = PBXBuildFile; fileRef = 680C6CCE1E149DA7005EBC4C /* AppDelegate.swift */; };
		680C6CD11E149DA7005EBC4C /* ViewController.swift in Sources */ = {isa = PBXBuildFile; fileRef = 680C6CD01E149DA7005EBC4C /* ViewController.swift */; };
		680C6CD41E149DA7005EBC4C /* Main.storyboard in Resources */ = {isa = PBXBuildFile; fileRef = 680C6CD21E149DA7005EBC4C /* Main.storyboard */; };
		680C6CD61E149DA7005EBC4C /* Assets.xcassets in Resources */ = {isa = PBXBuildFile; fileRef = 680C6CD51E149DA7005EBC4C /* Assets.xcassets */; };
		680C6CD91E149DA7005EBC4C /* LaunchScreen.storyboard in Resources */ = {isa = PBXBuildFile; fileRef = 680C6CD71E149DA7005EBC4C /* LaunchScreen.storyboard */; };
/* End PBXBuildFile section */

/* Begin PBXFileReference section */
		680C6CCB1E149DA7005EBC4C /* SampleQuiz.app */ = {isa = PBXFileReference; explicitFileType = wrapper.application; includeInIndex = 0; path = SampleQuiz.app; sourceTree = BUILT_PRODUCTS_DIR; };
		680C6CCE1E149DA7005EBC4C /* AppDelegate.swift */ = {isa = PBXFileReference; lastKnownFileType = sourcecode.swift; path = AppDelegate.swift; sourceTree = "<group>"; };
		680C6CD01E149DA7005EBC4C /* ViewController.swift */ = {isa = PBXFileReference; lastKnownFileType = sourcecode.swift; path = ViewController.swift; sourceTree = "<group>"; };
		680C6CD31E149DA7005EBC4C /* Base */ = {isa = PBXFileReference; lastKnownFileType = file.storyboard; name = Base; path = Base.lproj/Main.storyboard; sourceTree = "<group>"; };
		680C6CD51E149DA7005EBC4C /* Assets.xcassets */ = {isa = PBXFileReference; lastKnownFileType = folder.assetcatalog; path = Assets.xcassets; sourceTree = "<group>"; };
		680C6CD81E149DA7005EBC4C /* Base */ = {isa = PBXFileReference; lastKnownFileType = file.storyboard; name = Base; path = Base.lproj/LaunchScreen.storyboard; sourceTree = "<group>"; };
		680C6CDA1E149DA7005EBC4C /* Info.plist */ = {isa = PBXFileReference; lastKnownFileType = text.plist.xml; path = Info.plist; sourceTree = "<group>"; };
/* End PBXFileReference section */

/* Begin PBXFrameworksBuildPhase section */
		680C6CC81E149DA6005EBC4C /* Frameworks */ = {
			isa = PBXFrameworksBuildPhase;
			buildActionMask = 2147483647;
			files = (
			);
			runOnlyForDeploymentPostprocessing = 0;
		};
/* End PBXFrameworksBuildPhase section */

/* Begin PBXGroup section */
		680C6CC21E149DA6005EBC4C = {
			isa = PBXGroup;
			children = (
				680C6CCD1E149DA7005EBC4C /* SampleQuiz */,
				680C6CCC1E149DA7005EBC4C /* Products */,
			);
			sourceTree = "<group>";
		};
		680C6CCC1E149DA7005EBC4C /* Products */ = {
			isa = PBXGroup;
			children = (
				680C6CCB1E149DA7005EBC4C /* SampleQuiz.app */,
			);
			name = Products;
			sourceTree = "<group>";
		};
		680C6CCD1E149DA7005EBC4C /* SampleQuiz */ = {
			isa = PBXGroup;
			children = (
				680C6CCE1E149DA7005EBC4C /* AppDelegate.swift */,
				680C6CD01E149DA7005EBC4C /* ViewController.swift */,
				680C6CD21E149DA7005EBC4C /* Main.storyboard */,
				680C6CD51E149DA7005EBC4C /* Assets.xcassets */,
				680C6CD71E149DA7005EBC4C /* LaunchScreen.storyboard */,
				680C6CDA1E149DA7005EBC4C /* Info.plist */,
			);
			path = SampleQuiz;
			sourceTree = "<group>";
		};
/* End PBXGroup section */

/* Begin PBXNativeTarget section */
		680C6CCA1E149DA6005EBC4C /* SampleQuiz */ = {
			isa = PBXNativeTarget;
			buildConfigurationList = 680C6CDD1E149DA7005EBC4C /* Build configuration list for PBXNativeTarget "SampleQuiz" */;
			buildPhases = (
				680C6CC71E149DA6005EBC4C /* Sources */,
				680C6CC81E149DA6005EBC4C /* Frameworks */,
				680C6CC91E149DA6005EBC4C /* Resources */,
			);
			buildRules = (
			);
			dependencies = (
			);
			name = SampleQuiz;
			productName = SampleQuiz;
			productReference = 680C6CCB1E149DA7005EBC4C /* SampleQuiz.app */;
			productType = "com.apple.product-type.application";
		};
/* End PBXNativeTarget section */

/* Begin PBXProject section */
		680C6CC31E149DA6005EBC4C /* Project object */ = {
			isa = PBXProject;
			attributes = {
				LastSwiftUpdateCheck = 0820;
				LastUpgradeCheck = 0820;
				ORGANIZATIONNAME = "Tetsuya Mitani";
				TargetAttributes = {
					680C6CCA1E149DA6005EBC4C = {
						CreatedOnToolsVersion = 8.2.1;
						DevelopmentTeam = US82F9QEWC;
						ProvisioningStyle = Automatic;
					};
				};
			};
			buildConfigurationList = 680C6CC61E149DA6005EBC4C /* Build configuration list for PBXProject "SampleQuiz" */;
			compatibilityVersion = "Xcode 3.2";
			developmentRegion = English;
			hasScannedForEncodings = 0;
			knownRegions = (
				en,
				Base,
			);
			mainGroup = 680C6CC21E149DA6005EBC4C;
			productRefGroup = 680C6CCC1E149DA7005EBC4C /* Products */;
			projectDirPath = "";
			projectRoot = "";
			targets = (
				680C6CCA1E149DA6005EBC4C /* SampleQuiz */,
			);
		};
/* End PBXProject section */

/* Begin PBXResourcesBuildPhase section */
		680C6CC91E149DA6005EBC4C /* Resources */ = {
			isa = PBXResourcesBuildPhase;
			buildActionMask = 2147483647;
			files = (
				680C6CD91E149DA7005EBC4C /* LaunchScreen.storyboard in Resources */,
				680C6CD61E149DA7005EBC4C /* Assets.xcassets in Resources */,
				680C6CD41E149DA7005EBC4C /* Main.storyboard in Resources */,
			);
			runOnlyForDeploymentPostprocessing = 0;
		};
/* End PBXResourcesBuildPhase section */

/* Begin PBXSourcesBuildPhase section */
		680C6CC71E149DA6005EBC4C /* Sources */ = {
			isa = PBXSourcesBuildPhase;
			buildActionMask = 2147483647;
			files = (
				680C6CD11E149DA7005EBC4C /* ViewController.swift in Sources */,
				680C6CCF1E149DA7005EBC4C /* AppDelegate.swift in Sources */,
			);
			runOnlyForDeploymentPostprocessing = 0;
		};
/* End PBXSourcesBuildPhase section */

/* Begin PBXVariantGroup section */
		680C6CD21E149DA7005EBC4C /* Main.storyboard */ = {
			isa = PBXVariantGroup;
			children = (
				680C6CD31E149DA7005EBC4C /* Base */,
			);
			name = Main.storyboard;
			sourceTree = "<group>";
		};
		680C6CD71E149DA7005EBC4C /* LaunchScreen.storyboard */ = {
			isa = PBXVariantGroup;
			children = (
				680C6CD81E149DA7005EBC4C /* Base */,
			);
			name = LaunchScreen.storyboard;
			sourceTree = "<group>";
		};
/* End PBXVariantGroup section */

/* Begin XCBuildConfiguration section */
		680C6CDB1E149DA7005EBC4C /* Debug */ = {
			isa = XCBuildConfiguration;
			buildSettings = {
				ALWAYS_SEARCH_USER_PATHS = NO;
				CLANG_ANALYZER_NONNULL = YES;
				CLANG_CXX_LANGUAGE_STANDARD = "gnu++0x";
				CLANG_CXX_LIBRARY = "libc++";
				CLANG_ENABLE_MODULES = YES;
				CLANG_ENABLE_OBJC_ARC = YES;
				CLANG_WARN_BOOL_CONVERSION = YES;
				CLANG_WARN_CONSTANT_CONVERSION = YES;
				CLANG_WARN_DIRECT_OBJC_ISA_USAGE = YES_ERROR;
				CLANG_WARN_DOCUMENTATION_COMMENTS = YES;
				CLANG_WARN_EMPTY_BODY = YES;
				CLANG_WARN_ENUM_CONVERSION = YES;
				CLANG_WARN_INFINITE_RECURSION = YES;
				CLANG_WARN_INT_CONVERSION = YES;
				CLANG_WARN_OBJC_ROOT_CLASS = YES_ERROR;
				CLANG_WARN_SUSPICIOUS_MOVE = YES;
				CLANG_WARN_UNREACHABLE_CODE = YES;
				CLANG_WARN__DUPLICATE_METHOD_MATCH = YES;
				"CODE_SIGN_IDENTITY[sdk=iphoneos*]" = "iPhone Developer";
				COPY_PHASE_STRIP = NO;
				DEBUG_INFORMATION_FORMAT = dwarf;
				ENABLE_STRICT_OBJC_MSGSEND = YES;
				ENABLE_TESTABILITY = YES;
				GCC_C_LANGUAGE_STANDARD = gnu99;
				GCC_DYNAMIC_NO_PIC = NO;
				GCC_NO_COMMON_BLOCKS = YES;
				GCC_OPTIMIZATION_LEVEL = 0;
				GCC_PREPROCESSOR_DEFINITIONS = (
					"DEBUG=1",
					"$(inherited)",
				);
				GCC_WARN_64_TO_32_BIT_CONVERSION = YES;
				GCC_WARN_ABOUT_RETURN_TYPE = YES_ERROR;
				GCC_WARN_UNDECLARED_SELECTOR = YES;
				GCC_WARN_UNINITIALIZED_AUTOS = YES_AGGRESSIVE;
				GCC_WARN_UNUSED_FUNCTION = YES;
				GCC_WARN_UNUSED_VARIABLE = YES;
				IPHONEOS_DEPLOYMENT_TARGET = 10.2;
				MTL_ENABLE_DEBUG_INFO = YES;
				ONLY_ACTIVE_ARCH = YES;
				SDKROOT = iphoneos;
				SWIFT_ACTIVE_COMPILATION_CONDITIONS = DEBUG;
				SWIFT_OPTIMIZATION_LEVEL = "-Onone";
			};
			name = Debug;
		};
		680C6CDC1E149DA7005EBC4C /* Release */ = {
			isa = XCBuildConfiguration;
			buildSettings = {
				ALWAYS_SEARCH_USER_PATHS = NO;
				CLANG_ANALYZER_NONNULL = YES;
				CLANG_CXX_LANGUAGE_STANDARD = "gnu++0x";
				CLANG_CXX_LIBRARY = "libc++";
				CLANG_ENABLE_MODULES = YES;
				CLANG_ENABLE_OBJC_ARC = YES;
				CLANG_WARN_BOOL_CONVERSION = YES;
				CLANG_WARN_CONSTANT_CONVERSION = YES;
				CLANG_WARN_DIRECT_OBJC_ISA_USAGE = YES_ERROR;
				CLANG_WARN_DOCUMENTATION_COMMENTS = YES;
				CLANG_WARN_EMPTY_BODY = YES;
				CLANG_WARN_ENUM_CONVERSION = YES;
				CLANG_WARN_INFINITE_RECURSION = YES;
				CLANG_WARN_INT_CONVERSION = YES;
				CLANG_WARN_OBJC_ROOT_CLASS = YES_ERROR;
				CLANG_WARN_SUSPICIOUS_MOVE = YES;
				CLANG_WARN_UNREACHABLE_CODE = YES;
				CLANG_WARN__DUPLICATE_METHOD_MATCH = YES;
				"CODE_SIGN_IDENTITY[sdk=iphoneos*]" = "iPhone Developer";
				COPY_PHASE_STRIP = NO;
				DEBUG_INFORMATION_FORMAT = "dwarf-with-dsym";
				ENABLE_NS_ASSERTIONS = NO;
				ENABLE_STRICT_OBJC_MSGSEND = YES;
				GCC_C_LANGUAGE_STANDARD = gnu99;
				GCC_NO_COMMON_BLOCKS = YES;
				GCC_WARN_64_TO_32_BIT_CONVERSION = YES;
				GCC_WARN_ABOUT_RETURN_TYPE = YES_ERROR;
				GCC_WARN_UNDECLARED_SELECTOR = YES;
				GCC_WARN_UNINITIALIZED_AUTOS = YES_AGGRESSIVE;
				GCC_WARN_UNUSED_FUNCTION = YES;
				GCC_WARN_UNUSED_VARIABLE = YES;
				IPHONEOS_DEPLOYMENT_TARGET = 10.2;
				MTL_ENABLE_DEBUG_INFO = NO;
				SDKROOT = iphoneos;
				SWIFT_OPTIMIZATION_LEVEL = "-Owholemodule";
				VALIDATE_PRODUCT = YES;
			};
			name = Release;
		};
		680C6CDE1E149DA7005EBC4C /* Debug */ = {
			isa = XCBuildConfiguration;
			buildSettings = {
				ASSETCATALOG_COMPILER_APPICON_NAME = AppIcon;
				DEVELOPMENT_TEAM = US82F9QEWC;
				INFOPLIST_FILE = SampleQuiz/Info.plist;
				LD_RUNPATH_SEARCH_PATHS = "$(inherited) @executable_path/Frameworks";
				PRODUCT_BUNDLE_IDENTIFIER = jp.mitani.SampleQuiz;
				PRODUCT_NAME = "$(TARGET_NAME)";
				SWIFT_VERSION = 3.0;
			};
			name = Debug;
		};
		680C6CDF1E149DA7005EBC4C /* Release */ = {
			isa = XCBuildConfiguration;
			buildSettings = {
				ASSETCATALOG_COMPILER_APPICON_NAME = AppIcon;
				DEVELOPMENT_TEAM = US82F9QEWC;
				INFOPLIST_FILE = SampleQuiz/Info.plist;
				LD_RUNPATH_SEARCH_PATHS = "$(inherited) @executable_path/Frameworks";
				PRODUCT_BUNDLE_IDENTIFIER = jp.mitani.SampleQuiz;
				PRODUCT_NAME = "$(TARGET_NAME)";
				SWIFT_VERSION = 3.0;
			};
			name = Release;
		};
/* End XCBuildConfiguration section */

/* Begin XCConfigurationList section */
		680C6CC61E149DA6005EBC4C /* Build configuration list for PBXProject "SampleQuiz" */ = {
			isa = XCConfigurationList;
			buildConfigurations = (
				680C6CDB1E149DA7005EBC4C /* Debug */,
				680C6CDC1E149DA7005EBC4C /* Release */,
			);
			defaultConfigurationIsVisible = 0;
			defaultConfigurationName = Release;
		};
		680C6CDD1E149DA7005EBC4C /* Build configuration list for PBXNativeTarget "SampleQuiz" */ = {
			isa = XCConfigurationList;
			buildConfigurations = (
				680C6CDE1E149DA7005EBC4C /* Debug */,
				680C6CDF1E149DA7005EBC4C /* Release */,
			);
			defaultConfigurationIsVisible = 0;
		};
/* End XCConfigurationList section */
	};
	rootObject = 680C6CC31E149DA6005EBC4C /* Project object */;
}
